Microsoft Visual Studio Solution File, Format Version 12.00
# Visual Studio Version 17
VisualStudioVersion = 17.5.2.0
MinimumVisualStudioVersion = 10.0.40219.1
Project("{FAE04EC0-301F-11D3-BF4B-00C04F79EFBC}") = "BankAccountDemo", "BankAccountDemo\BankAccountDemo.csproj", "{D018CC3B-A2FA-96EC-D5C1-67176111095E}"
EndProject
Project("{FAE04EC0-301F-11D3-BF4B-00C04F79EFBC}") = "BankAccountTest", "BankAccountTest\BankAccountTest.csproj", "{B59674FC-2467-B7AD-5E03-C3EB3C4E984F}"
EndProject
Global
	GlobalSection(SolutionConfigurationPlatforms) = preSolution
		Debug|Any CPU = Debug|Any CPU
		Release|Any CPU = Release|Any CPU
	EndGlobalSection
	GlobalSection(ProjectConfigurationPlatforms) = postSolution
		{D018CC3B-A2FA-96EC-D5C1-67176111095E}.Debug|Any CPU.ActiveCfg = Debug|Any CPU
		{D018CC3B-A2FA-96EC-D5C1-67176111095E}.Debug|Any CPU.Build.0 = Debug|Any CPU
		{D018CC3B-A2FA-96EC-D5C1-67176111095E}.Release|Any CPU.ActiveCfg = Release|Any CPU
		{D018CC3B-A2FA-96EC-D5C1-67176111095E}.Release|Any CPU.Build.0 = Release|Any CPU
		{B59674FC-2467-B7AD-5E03-C3EB3C4E984F}.Debug|Any CPU.ActiveCfg = Debug|Any CPU
		{B59674FC-2467-B7AD-5E03-C3EB3C4E984F}.Debug|Any CPU.Build.0 = Debug|Any CPU
		{B59674FC-2467-B7AD-5E03-C3EB3C4E984F}.Release|Any CPU.ActiveCfg = Release|Any CPU
		{B59674FC-2467-B7AD-5E03-C3EB3C4E984F}.Release|Any CPU.Build.0 = Release|Any CPU
	EndGlobalSection
	GlobalSection(SolutionProperties) = preSolution
		HideSolutionNode = FALSE
	EndGlobalSection
	GlobalSection(ExtensibilityGlobals) = postSolution
		SolutionGuid = {993C372E-F5AC-4E1C-BDE9-96A97CA642B9}
	EndGlobalSection
EndGlobal
